
Microsoft Visual Studio Solution File, Format Version 11.00
# Visual C# Express 2010
Project("{FAE04EC0-301F-11D3-BF4B-00C04F79EFBC}") = "MXit.ExternalApp", "MXit.ExternalApp\MXit.ExternalApp.csproj", "{C8B17660-8C1C-41D8-86F8-48996E56110B}"
EndProject
Project("{FAE04EC0-301F-11D3-BF4B-00C04F79EFBC}") = "MXit.ExternalApp.BibleApp", "MXit.ExternalApp.BibleApp\MXit.ExternalApp.BibleApp.csproj", "{AEEC1E9B-17A0-4845-BF78-60E4C6A69B45}"
EndProject
Global
	GlobalSection(SolutionConfigurationPlatforms) = preSolution
		Debug|Any CPU = Debug|Any CPU
		Debug|Mixed Platforms = Debug|Mixed Platforms
		Debug|x86 = Debug|x86
		Release|Any CPU = Release|Any CPU
		Release|Mixed Platforms = Release|Mixed Platforms
		Release|x86 = Release|x86
	EndGlobalSection
	GlobalSection(ProjectConfigurationPlatforms) = postSolution
		{C8B17660-8C1C-41D8-86F8-48996E56110B}.Debug|Any CPU.ActiveCfg = Debug|Any CPU
		{C8B17660-8C1C-41D8-86F8-48996E56110B}.Debug|Any CPU.Build.0 = Debug|Any CPU
		{C8B17660-8C1C-41D8-86F8-48996E56110B}.Debug|Mixed Platforms.ActiveCfg = Debug|Any CPU
		{C8B17660-8C1C-41D8-86F8-48996E56110B}.Debug|Mixed Platforms.Build.0 = Debug|Any CPU
		{C8B17660-8C1C-41D8-86F8-48996E56110B}.Debug|x86.ActiveCfg = Debug|Any CPU
		{C8B17660-8C1C-41D8-86F8-48996E56110B}.Release|Any CPU.ActiveCfg = Release|Any CPU
		{C8B17660-8C1C-41D8-86F8-48996E56110B}.Release|Any CPU.Build.0 = Release|Any CPU
		{C8B17660-8C1C-41D8-86F8-48996E56110B}.Release|Mixed Platforms.ActiveCfg = Release|Any CPU
		{C8B17660-8C1C-41D8-86F8-48996E56110B}.Release|Mixed Platforms.Build.0 = Release|Any CPU
		{C8B17660-8C1C-41D8-86F8-48996E56110B}.Release|x86.ActiveCfg = Release|Any CPU
		{AEEC1E9B-17A0-4845-BF78-60E4C6A69B45}.Debug|Any CPU.ActiveCfg = Debug|x86
		{AEEC1E9B-17A0-4845-BF78-60E4C6A69B45}.Debug|Mixed Platforms.ActiveCfg = Debug|x86
		{AEEC1E9B-17A0-4845-BF78-60E4C6A69B45}.Debug|Mixed Platforms.Build.0 = Debug|x86
		{AEEC1E9B-17A0-4845-BF78-60E4C6A69B45}.Debug|x86.ActiveCfg = Debug|x86
		{AEEC1E9B-17A0-4845-BF78-60E4C6A69B45}.Debug|x86.Build.0 = Debug|x86
		{AEEC1E9B-17A0-4845-BF78-60E4C6A69B45}.Release|Any CPU.ActiveCfg = Release|x86
		{AEEC1E9B-17A0-4845-BF78-60E4C6A69B45}.Release|Mixed Platforms.ActiveCfg = Release|x86
		{AEEC1E9B-17A0-4845-BF78-60E4C6A69B45}.Release|Mixed Platforms.Build.0 = Release|x86
		{AEEC1E9B-17A0-4845-BF78-60E4C6A69B45}.Release|x86.ActiveCfg = Release|x86
		{AEEC1E9B-17A0-4845-BF78-60E4C6A69B45}.Release|x86.Build.0 = Release|x86
	EndGlobalSection
	GlobalSection(SolutionProperties) = preSolution
		HideSolutionNode = FALSE
	EndGlobalSection
EndGlobal
